
Microsoft Visual Studio Solution File, Format Version 12.00
# Visual Studio 15
VisualStudioVersion = 15.0.26730.16
MinimumVisualStudioVersion = 10.0.40219.1
Project("{FAE04EC0-301F-11D3-BF4B-00C04F79EFBC}") = "PipeTally", "PipeTally\PipeTally.csproj", "{3FB232BF-0FC5-4B2E-9922-191E0AD29A9F}"
EndProject
Project("{FAE04EC0-301F-11D3-BF4B-00C04F79EFBC}") = "PipeTallyMobile.Android", "PipeTallyMobile\PipeTallyMobile.Android\PipeTallyMobile.Android.csproj", "{0943E323-E16E-4E7D-BAA0-B3E697759D12}"
EndProject
Project("{FAE04EC0-301F-11D3-BF4B-00C04F79EFBC}") = "PipeTallyMobile", "PipeTallyMobile\PipeTallyMobile\PipeTallyMobile.csproj", "{94631086-6A2A-478B-A423-0D552528CA33}"
EndProject
Project("{FAE04EC0-301F-11D3-BF4B-00C04F79EFBC}") = "PipeTallyMobile.iOS", "PipeTallyMobile\PipeTallyMobile.iOS\PipeTallyMobile.iOS.csproj", "{0BC5B76C-2953-44F3-A100-B8577DE1BD45}"
EndProject
Project("{00D1A9C2-B5F0-4AF3-8072-F6C62B433612}") = "PipeTally.DB", "PipeTally.DB\PipeTally.DB.sqlproj", "{FAD8F631-49C4-40E2-AAB8-EF6768850A75}"
EndProject
Global
	GlobalSection(SolutionConfigurationPlatforms) = preSolution
		Ad-Hoc|Any CPU = Ad-Hoc|Any CPU
		Ad-Hoc|ARM = Ad-Hoc|ARM
		Ad-Hoc|iPhone = Ad-Hoc|iPhone
		Ad-Hoc|iPhoneSimulator = Ad-Hoc|iPhoneSimulator
		Ad-Hoc|x64 = Ad-Hoc|x64
		Ad-Hoc|x86 = Ad-Hoc|x86
		AppStore|Any CPU = AppStore|Any CPU
		AppStore|ARM = AppStore|ARM
		AppStore|iPhone = AppStore|iPhone
		AppStore|iPhoneSimulator = AppStore|iPhoneSimulator
		AppStore|x64 = AppStore|x64
		AppStore|x86 = AppStore|x86
		Debug|Any CPU = Debug|Any CPU
		Debug|ARM = Debug|ARM
		Debug|iPhone = Debug|iPhone
		Debug|iPhoneSimulator = Debug|iPhoneSimulator
		Debug|x64 = Debug|x64
		Debug|x86 = Debug|x86
		Release|Any CPU = Release|Any CPU
		Release|ARM = Release|ARM
		Release|iPhone = Release|iPhone
		Release|iPhoneSimulator = Release|iPhoneSimulator
		Release|x64 = Release|x64
		Release|x86 = Release|x86
	EndGlobalSection
	GlobalSection(ProjectConfigurationPlatforms) = postSolution
		{3FB232BF-0FC5-4B2E-9922-191E0AD29A9F}.Ad-Hoc|Any CPU.ActiveCfg = Release|Any CPU
		{3FB232BF-0FC5-4B2E-9922-191E0AD29A9F}.Ad-Hoc|Any CPU.Build.0 = Release|Any CPU
		{3FB232BF-0FC5-4B2E-9922-191E0AD29A9F}.Ad-Hoc|ARM.ActiveCfg = Release|Any CPU
		{3FB232BF-0FC5-4B2E-9922-191E0AD29A9F}.Ad-Hoc|ARM.Build.0 = Release|Any CPU
		{3FB232BF-0FC5-4B2E-9922-191E0AD29A9F}.Ad-Hoc|iPhone.ActiveCfg = Release|Any CPU
		{3FB232BF-0FC5-4B2E-9922-191E0AD29A9F}.Ad-Hoc|iPhone.Build.0 = Release|Any CPU
		{3FB232BF-0FC5-4B2E-9922-191E0AD29A9F}.Ad-Hoc|iPhoneSimulator.ActiveCfg = Release|Any CPU
		{3FB232BF-0FC5-4B2E-9922-191E0AD29A9F}.Ad-Hoc|iPhoneSimulator.Build.0 = Release|Any CPU
		{3FB232BF-0FC5-4B2E-9922-191E0AD29A9F}.Ad-Hoc|x64.ActiveCfg = Release|Any CPU
		{3FB232BF-0FC5-4B2E-9922-191E0AD29A9F}.Ad-Hoc|x64.Build.0 = Release|Any CPU
		{3FB232BF-0FC5-4B2E-9922-191E0AD29A9F}.Ad-Hoc|x86.ActiveCfg = Release|Any CPU
		{3FB232BF-0FC5-4B2E-9922-191E0AD29A9F}.Ad-Hoc|x86.Build.0 = Release|Any CPU
		{3FB232BF-0FC5-4B2E-9922-191E0AD29A9F}.AppStore|Any CPU.ActiveCfg = Release|Any CPU
		{3FB232BF-0FC5-4B2E-9922-191E0AD29A9F}.AppStore|Any CPU.Build.0 = Release|Any CPU
		{3FB232BF-0FC5-4B2E-9922-191E0AD29A9F}.AppStore|ARM.ActiveCfg = Release|Any CPU
		{3FB232BF-0FC5-4B2E-9922-191E0AD29A9F}.AppStore|ARM.Build.0 = Release|Any CPU
		{3FB232BF-0FC5-4B2E-9922-191E0AD29A9F}.AppStore|iPhone.ActiveCfg = Release|Any CPU
		{3FB232BF-0FC5-4B2E-9922-191E0AD29A9F}.AppStore|iPhone.Build.0 = Release|Any CPU
		{3FB232BF-0FC5-4B2E-9922-191E0AD29A9F}.AppStore|iPhoneSimulator.ActiveCfg = Release|Any CPU
		{3FB232BF-0FC5-4B2E-9922-191E0AD29A9F}.AppStore|iPhoneSimulator.Build.0 = Release|Any CPU
		{3FB232BF-0FC5-4B2E-9922-191E0AD29A9F}.AppStore|x64.ActiveCfg = Release|Any CPU
		{3FB232BF-0FC5-4B2E-9922-191E0AD29A9F}.AppStore|x64.Build.0 = Release|Any CPU
		{3FB232BF-0FC5-4B2E-9922-191E0AD29A9F}.AppStore|x86.ActiveCfg = Release|Any CPU
		{3FB232BF-0FC5-4B2E-9922-191E0AD29A9F}.AppStore|x86.Build.0 = Release|Any CPU
		{3FB232BF-0FC5-4B2E-9922-191E0AD29A9F}.Debug|Any CPU.ActiveCfg = Debug|Any CPU
		{3FB232BF-0FC5-4B2E-9922-191E0AD29A9F}.Debug|Any CPU.Build.0 = Debug|Any CPU
		{3FB232BF-0FC5-4B2E-9922-191E0AD29A9F}.Debug|ARM.ActiveCfg = Debug|Any CPU
		{3FB232BF-0FC5-4B2E-9922-191E0AD29A9F}.Debug|ARM.Build.0 = Debug|Any CPU
		{3FB232BF-0FC5-4B2E-9922-191E0AD29A9F}.Debug|iPhone.ActiveCfg = Debug|Any CPU
		{3FB232BF-0FC5-4B2E-9922-191E0AD29A9F}.Debug|iPhone.Build.0 = Debug|Any CPU
		{3FB232BF-0FC5-4B2E-9922-191E0AD29A9F}.Debug|iPhoneSimulator.ActiveCfg = Debug|Any CPU
		{3FB232BF-0FC5-4B2E-9922-191E0AD29A9F}.Debug|iPhoneSimulator.Build.0 = Debug|Any CPU
		{3FB232BF-0FC5-4B2E-9922-191E0AD29A9F}.Debug|x64.ActiveCfg = Debug|Any CPU
		{3FB232BF-0FC5-4B2E-9922-191E0AD29A9F}.Debug|x64.Build.0 = Debug|Any CPU
		{3FB232BF-0FC5-4B2E-9922-191E0AD29A9F}.Debug|x86.ActiveCfg = Debug|Any CPU
		{3FB232BF-0FC5-4B2E-9922-191E0AD29A9F}.Debug|x86.Build.0 = Debug|Any CPU
		{3FB232BF-0FC5-4B2E-9922-191E0AD29A9F}.Release|Any CPU.ActiveCfg = Release|Any CPU
		{3FB232BF-0FC5-4B2E-9922-191E0AD29A9F}.Release|Any CPU.Build.0 = Release|Any CPU
		{3FB232BF-0FC5-4B2E-9922-191E0AD29A9F}.Release|ARM.ActiveCfg = Release|Any CPU
		{3FB232BF-0FC5-4B2E-9922-191E0AD29A9F}.Release|ARM.Build.0 = Release|Any CPU
		{3FB232BF-0FC5-4B2E-9922-191E0AD29A9F}.Release|iPhone.ActiveCfg = Release|Any CPU
		{3FB232BF-0FC5-4B2E-9922-191E0AD29A9F}.Release|iPhone.Build.0 = Release|Any CPU
		{3FB232BF-0FC5-4B2E-9922-191E0AD29A9F}.Release|iPhoneSimulator.ActiveCfg = Release|Any CPU
		{3FB232BF-0FC5-4B2E-9922-191E0AD29A9F}.Release|iPhoneSimulator.Build.0 = Release|Any CPU
		{3FB232BF-0FC5-4B2E-9922-191E0AD29A9F}.Release|x64.ActiveCfg = Release|Any CPU
		{3FB232BF-0FC5-4B2E-9922-191E0AD29A9F}.Release|x64.Build.0 = Release|Any CPU
		{3FB232BF-0FC5-4B2E-9922-191E0AD29A9F}.Release|x86.ActiveCfg = Release|Any CPU
		{3FB232BF-0FC5-4B2E-9922-191E0AD29A9F}.Release|x86.Build.0 = Release|Any CPU
		{0943E323-E16E-4E7D-BAA0-B3E697759D12}.Ad-Hoc|Any CPU.ActiveCfg = Release|Any CPU
		{0943E323-E16E-4E7D-BAA0-B3E697759D12}.Ad-Hoc|Any CPU.Build.0 = Release|Any CPU
		{0943E323-E16E-4E7D-BAA0-B3E697759D12}.Ad-Hoc|Any CPU.Deploy.0 = Release|Any CPU
		{0943E323-E16E-4E7D-BAA0-B3E697759D12}.Ad-Hoc|ARM.ActiveCfg = Release|Any CPU
		{0943E323-E16E-4E7D-BAA0-B3E697759D12}.Ad-Hoc|ARM.Build.0 = Release|Any CPU
		{0943E323-E16E-4E7D-BAA0-B3E697759D12}.Ad-Hoc|ARM.Deploy.0 = Release|Any CPU
		{0943E323-E16E-4E7D-BAA0-B3E697759D12}.Ad-Hoc|iPhone.ActiveCfg = Release|Any CPU
		{0943E323-E16E-4E7D-BAA0-B3E697759D12}.Ad-Hoc|iPhone.Build.0 = Release|Any CPU
		{0943E323-E16E-4E7D-BAA0-B3E697759D12}.Ad-Hoc|iPhone.Deploy.0 = Release|Any CPU
		{0943E323-E16E-4E7D-BAA0-B3E697759D12}.Ad-Hoc|iPhoneSimulator.ActiveCfg = Release|Any CPU
		{0943E323-E16E-4E7D-BAA0-B3E697759D12}.Ad-Hoc|iPhoneSimulator.Build.0 = Release|Any CPU
		{0943E323-E16E-4E7D-BAA0-B3E697759D12}.Ad-Hoc|iPhoneSimulator.Deploy.0 = Release|Any CPU
		{0943E323-E16E-4E7D-BAA0-B3E697759D12}.Ad-Hoc|x64.ActiveCfg = Release|Any CPU
		{0943E323-E16E-4E7D-BAA0-B3E697759D12}.Ad-Hoc|x64.Build.0 = Release|Any CPU
		{0943E323-E16E-4E7D-BAA0-B3E697759D12}.Ad-Hoc|x64.Deploy.0 = Release|Any CPU
		{0943E323-E16E-4E7D-BAA0-B3E697759D12}.Ad-Hoc|x86.ActiveCfg = Release|Any CPU
		{0943E323-E16E-4E7D-BAA0-B3E697759D12}.Ad-Hoc|x86.Build.0 = Release|Any CPU
		{0943E323-E16E-4E7D-BAA0-B3E697759D12}.Ad-Hoc|x86.Deploy.0 = Release|Any CPU
		{0943E323-E16E-4E7D-BAA0-B3E697759D12}.AppStore|Any CPU.ActiveCfg = Release|Any CPU
		{0943E323-E16E-4E7D-BAA0-B3E697759D12}.AppStore|Any CPU.Build.0 = Release|Any CPU
		{0943E323-E16E-4E7D-BAA0-B3E697759D12}.AppStore|Any CPU.Deploy.0 = Release|Any CPU
		{0943E323-E16E-4E7D-BAA0-B3E697759D12}.AppStore|ARM.ActiveCfg = Release|Any CPU
		{0943E323-E16E-4E7D-BAA0-B3E697759D12}.AppStore|ARM.Build.0 = Release|Any CPU
		{0943E323-E16E-4E7D-BAA0-B3E697759D12}.AppStore|ARM.Deploy.0 = Release|Any CPU
		{0943E323-E16E-4E7D-BAA0-B3E697759D12}.AppStore|iPhone.ActiveCfg = Release|Any CPU
		{0943E323-E16E-4E7D-BAA0-B3E697759D12}.AppStore|iPhone.Build.0 = Release|Any CPU
		{0943E323-E16E-4E7D-BAA0-B3E697759D12}.AppStore|iPhone.Deploy.0 = Release|Any CPU
		{0943E323-E16E-4E7D-BAA0-B3E697759D12}.AppStore|iPhoneSimulator.ActiveCfg = Release|Any CPU
		{0943E323-E16E-4E7D-BAA0-B3E697759D12}.AppStore|iPhoneSimulator.Build.0 = Release|Any CPU
		{0943E323-E16E-4E7D-BAA0-B3E697759D12}.AppStore|iPhoneSimulator.Deploy.0 = Release|Any CPU
		{0943E323-E16E-4E7D-BAA0-B3E697759D12}.AppStore|x64.ActiveCfg = Release|Any CPU
		{0943E323-E16E-4E7D-BAA0-B3E697759D12}.AppStore|x64.Build.0 = Release|Any CPU
		{0943E323-E16E-4E7D-BAA0-B3E697759D12}.AppStore|x64.Deploy.0 = Release|Any CPU
		{0943E323-E16E-4E7D-BAA0-B3E697759D12}.AppStore|x86.ActiveCfg = Release|Any CPU
		{0943E323-E16E-4E7D-BAA0-B3E697759D12}.AppStore|x86.Build.0 = Release|Any CPU
		{0943E323-E16E-4E7D-BAA0-B3E697759D12}.AppStore|x86.Deploy.0 = Release|Any CPU
		{0943E323-E16E-4E7D-BAA0-B3E697759D12}.Debug|Any CPU.ActiveCfg = Debug|Any CPU
		{0943E323-E16E-4E7D-BAA0-B3E697759D12}.Debug|Any CPU.Build.0 = Debug|Any CPU
		{0943E323-E16E-4E7D-BAA0-B3E697759D12}.Debug|Any CPU.Deploy.0 = Debug|Any CPU
		{0943E323-E16E-4E7D-BAA0-B3E697759D12}.Debug|ARM.ActiveCfg = Debug|Any CPU
		{0943E323-E16E-4E7D-BAA0-B3E697759D12}.Debug|ARM.Build.0 = Debug|Any CPU
		{0943E323-E16E-4E7D-BAA0-B3E697759D12}.Debug|ARM.Deploy.0 = Debug|Any CPU
		{0943E323-E16E-4E7D-BAA0-B3E697759D12}.Debug|iPhone.ActiveCfg = Debug|Any CPU
		{0943E323-E16E-4E7D-BAA0-B3E697759D12}.Debug|iPhone.Build.0 = Debug|Any CPU
		{0943E323-E16E-4E7D-BAA0-B3E697759D12}.Debug|iPhone.Deploy.0 = Debug|Any CPU
		{0943E323-E16E-4E7D-BAA0-B3E697759D12}.Debug|iPhoneSimulator.ActiveCfg = Debug|Any CPU
		{0943E323-E16E-4E7D-BAA0-B3E697759D12}.Debug|iPhoneSimulator.Build.0 = Debug|Any CPU
		{0943E323-E16E-4E7D-BAA0-B3E697759D12}.Debug|iPhoneSimulator.Deploy.0 = Debug|Any CPU
		{0943E323-E16E-4E7D-BAA0-B3E697759D12}.Debug|x64.ActiveCfg = Debug|Any CPU
		{0943E323-E16E-4E7D-BAA0-B3E697759D12}.Debug|x64.Build.0 = Debug|Any CPU
		{0943E323-E16E-4E7D-BAA0-B3E697759D12}.Debug|x64.Deploy.0 = Debug|Any CPU
		{0943E323-E16E-4E7D-BAA0-B3E697759D12}.Debug|x86.ActiveCfg = Debug|Any CPU
		{0943E323-E16E-4E7D-BAA0-B3E697759D12}.Debug|x86.Build.0 = Debug|Any CPU
		{0943E323-E16E-4E7D-BAA0-B3E697759D12}.Debug|x86.Deploy.0 = Debug|Any CPU
		{0943E323-E16E-4E7D-BAA0-B3E697759D12}.Release|Any CPU.ActiveCfg = Release|Any CPU
		{0943E323-E16E-4E7D-BAA0-B3E697759D12}.Release|Any CPU.Build.0 = Release|Any CPU
		{0943E323-E16E-4E7D-BAA0-B3E697759D12}.Release|Any CPU.Deploy.0 = Release|Any CPU
		{0943E323-E16E-4E7D-BAA0-B3E697759D12}.Release|ARM.ActiveCfg = Release|Any CPU
		{0943E323-E16E-4E7D-BAA0-B3E697759D12}.Release|ARM.Build.0 = Release|Any CPU
		{0943E323-E16E-4E7D-BAA0-B3E697759D12}.Release|ARM.Deploy.0 = Release|Any CPU
		{0943E323-E16E-4E7D-BAA0-B3E697759D12}.Release|iPhone.ActiveCfg = Release|Any CPU
		{0943E323-E16E-4E7D-BAA0-B3E697759D12}.Release|iPhone.Build.0 = Release|Any CPU
		{0943E323-E16E-4E7D-BAA0-B3E697759D12}.Release|iPhone.Deploy.0 = Release|Any CPU
		{0943E323-E16E-4E7D-BAA0-B3E697759D12}.Release|iPhoneSimulator.ActiveCfg = Release|Any CPU
		{0943E323-E16E-4E7D-BAA0-B3E697759D12}.Release|iPhoneSimulator.Build.0 = Release|Any CPU
		{0943E323-E16E-4E7D-BAA0-B3E697759D12}.Release|iPhoneSimulator.Deploy.0 = Release|Any CPU
		{0943E323-E16E-4E7D-BAA0-B3E697759D12}.Release|x64.ActiveCfg = Release|Any CPU
		{0943E323-E16E-4E7D-BAA0-B3E697759D12}.Release|x64.Build.0 = Release|Any CPU
		{0943E323-E16E-4E7D-BAA0-B3E697759D12}.Release|x64.Deploy.0 = Release|Any CPU
		{0943E323-E16E-4E7D-BAA0-B3E697759D12}.Release|x86.ActiveCfg = Release|Any CPU
		{0943E323-E16E-4E7D-BAA0-B3E697759D12}.Release|x86.Build.0 = Release|Any CPU
		{0943E323-E16E-4E7D-BAA0-B3E697759D12}.Release|x86.Deploy.0 = Release|Any CPU
		{94631086-6A2A-478B-A423-0D552528CA33}.Ad-Hoc|Any CPU.ActiveCfg = Release|Any CPU
		{94631086-6A2A-478B-A423-0D552528CA33}.Ad-Hoc|Any CPU.Build.0 = Release|Any CPU
		{94631086-6A2A-478B-A423-0D552528CA33}.Ad-Hoc|ARM.ActiveCfg = Release|Any CPU
		{94631086-6A2A-478B-A423-0D552528CA33}.Ad-Hoc|ARM.Build.0 = Release|Any CPU
		{94631086-6A2A-478B-A423-0D552528CA33}.Ad-Hoc|iPhone.ActiveCfg = Release|Any CPU
		{94631086-6A2A-478B-A423-0D552528CA33}.Ad-Hoc|iPhone.Build.0 = Release|Any CPU
		{94631086-6A2A-478B-A423-0D552528CA33}.Ad-Hoc|iPhoneSimulator.ActiveCfg = Release|Any CPU
		{94631086-6A2A-478B-A423-0D552528CA33}.Ad-Hoc|iPhoneSimulator.Build.0 = Release|Any CPU
		{94631086-6A2A-478B-A423-0D552528CA33}.Ad-Hoc|x64.ActiveCfg = Release|Any CPU
		{94631086-6A2A-478B-A423-0D552528CA33}.Ad-Hoc|x64.Build.0 = Release|Any CPU
		{94631086-6A2A-478B-A423-0D552528CA33}.Ad-Hoc|x86.ActiveCfg = Release|Any CPU
		{94631086-6A2A-478B-A423-0D552528CA33}.Ad-Hoc|x86.Build.0 = Release|Any CPU
		{94631086-6A2A-478B-A423-0D552528CA33}.AppStore|Any CPU.ActiveCfg = Release|Any CPU
		{94631086-6A2A-478B-A423-0D552528CA33}.AppStore|Any CPU.Build.0 = Release|Any CPU
		{94631086-6A2A-478B-A423-0D552528CA33}.AppStore|ARM.ActiveCfg = Release|Any CPU
		{94631086-6A2A-478B-A423-0D552528CA33}.AppStore|ARM.Build.0 = Release|Any CPU
		{94631086-6A2A-478B-A423-0D552528CA33}.AppStore|iPhone.ActiveCfg = Release|Any CPU
		{94631086-6A2A-478B-A423-0D552528CA33}.AppStore|iPhone.Build.0 = Release|Any CPU
		{94631086-6A2A-478B-A423-0D552528CA33}.AppStore|iPhoneSimulator.ActiveCfg = Release|Any CPU
		{94631086-6A2A-478B-A423-0D552528CA33}.AppStore|iPhoneSimulator.Build.0 = Release|Any CPU
		{94631086-6A2A-478B-A423-0D552528CA33}.AppStore|x64.ActiveCfg = Release|Any CPU
		{94631086-6A2A-478B-A423-0D552528CA33}.AppStore|x64.Build.0 = Release|Any CPU
		{94631086-6A2A-478B-A423-0D552528CA33}.AppStore|x86.ActiveCfg = Release|Any CPU
		{94631086-6A2A-478B-A423-0D552528CA33}.AppStore|x86.Build.0 = Release|Any CPU
		{94631086-6A2A-478B-A423-0D552528CA33}.Debug|Any CPU.ActiveCfg = Debug|Any CPU
		{94631086-6A2A-478B-A423-0D552528CA33}.Debug|Any CPU.Build.0 = Debug|Any CPU
		{94631086-6A2A-478B-A423-0D552528CA33}.Debug|ARM.ActiveCfg = Debug|Any CPU
		{94631086-6A2A-478B-A423-0D552528CA33}.Debug|ARM.Build.0 = Debug|Any CPU
		{94631086-6A2A-478B-A423-0D552528CA33}.Debug|iPhone.ActiveCfg = Debug|Any CPU
		{94631086-6A2A-478B-A423-0D552528CA33}.Debug|iPhone.Build.0 = Debug|Any CPU
		{94631086-6A2A-478B-A423-0D552528CA33}.Debug|iPhoneSimulator.ActiveCfg = Debug|Any CPU
		{94631086-6A2A-478B-A423-0D552528CA33}.Debug|iPhoneSimulator.Build.0 = Debug|Any CPU
		{94631086-6A2A-478B-A423-0D552528CA33}.Debug|x64.ActiveCfg = Debug|Any CPU
		{94631086-6A2A-478B-A423-0D552528CA33}.Debug|x64.Build.0 = Debug|Any CPU
		{94631086-6A2A-478B-A423-0D552528CA33}.Debug|x86.ActiveCfg = Debug|Any CPU
		{94631086-6A2A-478B-A423-0D552528CA33}.Debug|x86.Build.0 = Debug|Any CPU
		{94631086-6A2A-478B-A423-0D552528CA33}.Release|Any CPU.ActiveCfg = Release|Any CPU
		{94631086-6A2A-478B-A423-0D552528CA33}.Release|Any CPU.Build.0 = Release|Any CPU
		{94631086-6A2A-478B-A423-0D552528CA33}.Release|ARM.ActiveCfg = Release|Any CPU
		{94631086-6A2A-478B-A423-0D552528CA33}.Release|ARM.Build.0 = Release|Any CPU
		{94631086-6A2A-478B-A423-0D552528CA33}.Release|iPhone.ActiveCfg = Release|Any CPU
		{94631086-6A2A-478B-A423-0D552528CA33}.Release|iPhone.Build.0 = Release|Any CPU
		{94631086-6A2A-478B-A423-0D552528CA33}.Release|iPhoneSimulator.ActiveCfg = Release|Any CPU
		{94631086-6A2A-478B-A423-0D552528CA33}.Release|iPhoneSimulator.Build.0 = Release|Any CPU
		{94631086-6A2A-478B-A423-0D552528CA33}.Release|x64.ActiveCfg = Release|Any CPU
		{94631086-6A2A-478B-A423-0D552528CA33}.Release|x64.Build.0 = Release|Any CPU
		{94631086-6A2A-478B-A423-0D552528CA33}.Release|x86.ActiveCfg = Release|Any CPU
		{94631086-6A2A-478B-A423-0D552528CA33}.Release|x86.Build.0 = Release|Any CPU
		{0BC5B76C-2953-44F3-A100-B8577DE1BD45}.Ad-Hoc|Any CPU.ActiveCfg = Ad-Hoc|iPhone
		{0BC5B76C-2953-44F3-A100-B8577DE1BD45}.Ad-Hoc|ARM.ActiveCfg = Ad-Hoc|iPhone
		{0BC5B76C-2953-44F3-A100-B8577DE1BD45}.Ad-Hoc|iPhone.ActiveCfg = Ad-Hoc|iPhone
		{0BC5B76C-2953-44F3-A100-B8577DE1BD45}.Ad-Hoc|iPhone.Build.0 = Ad-Hoc|iPhone
		{0BC5B76C-2953-44F3-A100-B8577DE1BD45}.Ad-Hoc|iPhoneSimulator.ActiveCfg = Ad-Hoc|iPhoneSimulator
		{0BC5B76C-2953-44F3-A100-B8577DE1BD45}.Ad-Hoc|iPhoneSimulator.Build.0 = Ad-Hoc|iPhoneSimulator
		{0BC5B76C-2953-44F3-A100-B8577DE1BD45}.Ad-Hoc|x64.ActiveCfg = Ad-Hoc|iPhone
		{0BC5B76C-2953-44F3-A100-B8577DE1BD45}.Ad-Hoc|x86.ActiveCfg = Ad-Hoc|iPhone
		{0BC5B76C-2953-44F3-A100-B8577DE1BD45}.AppStore|Any CPU.ActiveCfg = AppStore|iPhone
		{0BC5B76C-2953-44F3-A100-B8577DE1BD45}.AppStore|ARM.ActiveCfg = AppStore|iPhone
		{0BC5B76C-2953-44F3-A100-B8577DE1BD45}.AppStore|iPhone.ActiveCfg = AppStore|iPhone
		{0BC5B76C-2953-44F3-A100-B8577DE1BD45}.AppStore|iPhone.Build.0 = AppStore|iPhone
		{0BC5B76C-2953-44F3-A100-B8577DE1BD45}.AppStore|iPhoneSimulator.ActiveCfg = AppStore|iPhoneSimulator
		{0BC5B76C-2953-44F3-A100-B8577DE1BD45}.AppStore|iPhoneSimulator.Build.0 = AppStore|iPhoneSimulator
		{0BC5B76C-2953-44F3-A100-B8577DE1BD45}.AppStore|x64.ActiveCfg = AppStore|iPhone
		{0BC5B76C-2953-44F3-A100-B8577DE1BD45}.AppStore|x86.ActiveCfg = AppStore|iPhone
		{0BC5B76C-2953-44F3-A100-B8577DE1BD45}.Debug|Any CPU.ActiveCfg = Debug|iPhone
		{0BC5B76C-2953-44F3-A100-B8577DE1BD45}.Debug|ARM.ActiveCfg = Debug|iPhone
		{0BC5B76C-2953-44F3-A100-B8577DE1BD45}.Debug|iPhone.ActiveCfg = Debug|iPhone
		{0BC5B76C-2953-44F3-A100-B8577DE1BD45}.Debug|iPhone.Build.0 = Debug|iPhone
		{0BC5B76C-2953-44F3-A100-B8577DE1BD45}.Debug|iPhoneSimulator.ActiveCfg = Debug|iPhoneSimulator
		{0BC5B76C-2953-44F3-A100-B8577DE1BD45}.Debug|iPhoneSimulator.Build.0 = Debug|iPhoneSimulator
		{0BC5B76C-2953-44F3-A100-B8577DE1BD45}.Debug|x64.ActiveCfg = Debug|iPhone
		{0BC5B76C-2953-44F3-A100-B8577DE1BD45}.Debug|x86.ActiveCfg = Debug|iPhone
		{0BC5B76C-2953-44F3-A100-B8577DE1BD45}.Release|Any CPU.ActiveCfg = Release|iPhone
		{0BC5B76C-2953-44F3-A100-B8577DE1BD45}.Release|ARM.ActiveCfg = Release|iPhone
		{0BC5B76C-2953-44F3-A100-B8577DE1BD45}.Release|iPhone.ActiveCfg = Release|iPhone
		{0BC5B76C-2953-44F3-A100-B8577DE1BD45}.Release|iPhone.Build.0 = Release|iPhone
		{0BC5B76C-2953-44F3-A100-B8577DE1BD45}.Release|iPhoneSimulator.ActiveCfg = Release|iPhoneSimulator
		{0BC5B76C-2953-44F3-A100-B8577DE1BD45}.Release|iPhoneSimulator.Build.0 = Release|iPhoneSimulator
		{0BC5B76C-2953-44F3-A100-B8577DE1BD45}.Release|x64.ActiveCfg = Release|iPhone
		{0BC5B76C-2953-44F3-A100-B8577DE1BD45}.Release|x86.ActiveCfg = Release|iPhone
		{FAD8F631-49C4-40E2-AAB8-EF6768850A75}.Ad-Hoc|Any CPU.ActiveCfg = Debug|Any CPU
		{FAD8F631-49C4-40E2-AAB8-EF6768850A75}.Ad-Hoc|Any CPU.Build.0 = Debug|Any CPU
		{FAD8F631-49C4-40E2-AAB8-EF6768850A75}.Ad-Hoc|Any CPU.Deploy.0 = Debug|Any CPU
		{FAD8F631-49C4-40E2-AAB8-EF6768850A75}.Ad-Hoc|ARM.ActiveCfg = Debug|Any CPU
		{FAD8F631-49C4-40E2-AAB8-EF6768850A75}.Ad-Hoc|ARM.Build.0 = Debug|Any CPU
		{FAD8F631-49C4-40E2-AAB8-EF6768850A75}.Ad-Hoc|ARM.Deploy.0 = Debug|Any CPU
		{FAD8F631-49C4-40E2-AAB8-EF6768850A75}.Ad-Hoc|iPhone.ActiveCfg = Debug|Any CPU
		{FAD8F631-49C4-40E2-AAB8-EF6768850A75}.Ad-Hoc|iPhone.Build.0 = Debug|Any CPU
		{FAD8F631-49C4-40E2-AAB8-EF6768850A75}.Ad-Hoc|iPhone.Deploy.0 = Debug|Any CPU
		{FAD8F631-49C4-40E2-AAB8-EF6768850A75}.Ad-Hoc|iPhoneSimulator.ActiveCfg = Debug|Any CPU
		{FAD8F631-49C4-40E2-AAB8-EF6768850A75}.Ad-Hoc|iPhoneSimulator.Build.0 = Debug|Any CPU
		{FAD8F631-49C4-40E2-AAB8-EF6768850A75}.Ad-Hoc|iPhoneSimulator.Deploy.0 = Debug|Any CPU
		{FAD8F631-49C4-40E2-AAB8-EF6768850A75}.Ad-Hoc|x64.ActiveCfg = Debug|Any CPU
		{FAD8F631-49C4-40E2-AAB8-EF6768850A75}.Ad-Hoc|x64.Build.0 = Debug|Any CPU
		{FAD8F631-49C4-40E2-AAB8-EF6768850A75}.Ad-Hoc|x64.Deploy.0 = Debug|Any CPU
		{FAD8F631-49C4-40E2-AAB8-EF6768850A75}.Ad-Hoc|x86.ActiveCfg = Debug|Any CPU
		{FAD8F631-49C4-40E2-AAB8-EF6768850A75}.Ad-Hoc|x86.Build.0 = Debug|Any CPU
		{FAD8F631-49C4-40E2-AAB8-EF6768850A75}.Ad-Hoc|x86.Deploy.0 = Debug|Any CPU
		{FAD8F631-49C4-40E2-AAB8-EF6768850A75}.AppStore|Any CPU.ActiveCfg = Debug|Any CPU
		{FAD8F631-49C4-40E2-AAB8-EF6768850A75}.AppStore|Any CPU.Build.0 = Debug|Any CPU
		{FAD8F631-49C4-40E2-AAB8-EF6768850A75}.AppStore|Any CPU.Deploy.0 = Debug|Any CPU
		{FAD8F631-49C4-40E2-AAB8-EF6768850A75}.AppStore|ARM.ActiveCfg = Debug|Any CPU
		{FAD8F631-49C4-40E2-AAB8-EF6768850A75}.AppStore|ARM.Build.0 = Debug|Any CPU
		{FAD8F631-49C4-40E2-AAB8-EF6768850A75}.AppStore|ARM.Deploy.0 = Debug|Any CPU
		{FAD8F631-49C4-40E2-AAB8-EF6768850A75}.AppStore|iPhone.ActiveCfg = Debug|Any CPU
		{FAD8F631-49C4-40E2-AAB8-EF6768850A75}.AppStore|iPhone.Build.0 = Debug|Any CPU
		{FAD8F631-49C4-40E2-AAB8-EF6768850A75}.AppStore|iPhone.Deploy.0 = Debug|Any CPU
		{FAD8F631-49C4-40E2-AAB8-EF6768850A75}.AppStore|iPhoneSimulator.ActiveCfg = Debug|Any CPU
		{FAD8F631-49C4-40E2-AAB8-EF6768850A75}.AppStore|iPhoneSimulator.Build.0 = Debug|Any CPU
		{FAD8F631-49C4-40E2-AAB8-EF6768850A75}.AppStore|iPhoneSimulator.Deploy.0 = Debug|Any CPU
		{FAD8F631-49C4-40E2-AAB8-EF6768850A75}.AppStore|x64.ActiveCfg = Debug|Any CPU
		{FAD8F631-49C4-40E2-AAB8-EF6768850A75}.AppStore|x64.Build.0 = Debug|Any CPU
		{FAD8F631-49C4-40E2-AAB8-EF6768850A75}.AppStore|x64.Deploy.0 = Debug|Any CPU
		{FAD8F631-49C4-40E2-AAB8-EF6768850A75}.AppStore|x86.ActiveCfg = Debug|Any CPU
		{FAD8F631-49C4-40E2-AAB8-EF6768850A75}.AppStore|x86.Build.0 = Debug|Any CPU
		{FAD8F631-49C4-40E2-AAB8-EF6768850A75}.AppStore|x86.Deploy.0 = Debug|Any CPU
		{FAD8F631-49C4-40E2-AAB8-EF6768850A75}.Debug|Any CPU.ActiveCfg = Debug|Any CPU
		{FAD8F631-49C4-40E2-AAB8-EF6768850A75}.Debug|Any CPU.Build.0 = Debug|Any CPU
		{FAD8F631-49C4-40E2-AAB8-EF6768850A75}.Debug|Any CPU.Deploy.0 = Debug|Any CPU
		{FAD8F631-49C4-40E2-AAB8-EF6768850A75}.Debug|ARM.ActiveCfg = Debug|Any CPU
		{FAD8F631-49C4-40E2-AAB8-EF6768850A75}.Debug|ARM.Build.0 = Debug|Any CPU
		{FAD8F631-49C4-40E2-AAB8-EF6768850A75}.Debug|ARM.Deploy.0 = Debug|Any CPU
		{FAD8F631-49C4-40E2-AAB8-EF6768850A75}.Debug|iPhone.ActiveCfg = Debug|Any CPU
		{FAD8F631-49C4-40E2-AAB8-EF6768850A75}.Debug|iPhone.Build.0 = Debug|Any CPU
		{FAD8F631-49C4-40E2-AAB8-EF6768850A75}.Debug|iPhone.Deploy.0 = Debug|Any CPU
		{FAD8F631-49C4-40E2-AAB8-EF6768850A75}.Debug|iPhoneSimulator.ActiveCfg = Debug|Any CPU
		{FAD8F631-49C4-40E2-AAB8-EF6768850A75}.Debug|iPhoneSimulator.Build.0 = Debug|Any CPU
		{FAD8F631-49C4-40E2-AAB8-EF6768850A75}.Debug|iPhoneSimulator.Deploy.0 = Debug|Any CPU
		{FAD8F631-49C4-40E2-AAB8-EF6768850A75}.Debug|x64.ActiveCfg = Debug|Any CPU
		{FAD8F631-49C4-40E2-AAB8-EF6768850A75}.Debug|x64.Build.0 = Debug|Any CPU
		{FAD8F631-49C4-40E2-AAB8-EF6768850A75}.Debug|x64.Deploy.0 = Debug|Any CPU
		{FAD8F631-49C4-40E2-AAB8-EF6768850A75}.Debug|x86.ActiveCfg = Debug|Any CPU
		{FAD8F631-49C4-40E2-AAB8-EF6768850A75}.Debug|x86.Build.0 = Debug|Any CPU
		{FAD8F631-49C4-40E2-AAB8-EF6768850A75}.Debug|x86.Deploy.0 = Debug|Any CPU
		{FAD8F631-49C4-40E2-AAB8-EF6768850A75}.Release|Any CPU.ActiveCfg = Release|Any CPU
		{FAD8F631-49C4-40E2-AAB8-EF6768850A75}.Release|Any CPU.Build.0 = Release|Any CPU
		{FAD8F631-49C4-40E2-AAB8-EF6768850A75}.Release|Any CPU.Deploy.0 = Release|Any CPU
		{FAD8F631-49C4-40E2-AAB8-EF6768850A75}.Release|ARM.ActiveCfg = Release|Any CPU
		{FAD8F631-49C4-40E2-AAB8-EF6768850A75}.Release|ARM.Build.0 = Release|Any CPU
		{FAD8F631-49C4-40E2-AAB8-EF6768850A75}.Release|ARM.Deploy.0 = Release|Any CPU
		{FAD8F631-49C4-40E2-AAB8-EF6768850A75}.Release|iPhone.ActiveCfg = Release|Any CPU
		{FAD8F631-49C4-40E2-AAB8-EF6768850A75}.Release|iPhone.Build.0 = Release|Any CPU
		{FAD8F631-49C4-40E2-AAB8-EF6768850A75}.Release|iPhone.Deploy.0 = Release|Any CPU
		{FAD8F631-49C4-40E2-AAB8-EF6768850A75}.Release|iPhoneSimulator.ActiveCfg = Release|Any CPU
		{FAD8F631-49C4-40E2-AAB8-EF6768850A75}.Release|iPhoneSimulator.Build.0 = Release|Any CPU
		{FAD8F631-49C4-40E2-AAB8-EF6768850A75}.Release|iPhoneSimulator.Deploy.0 = Release|Any CPU
		{FAD8F631-49C4-40E2-AAB8-EF6768850A75}.Release|x64.ActiveCfg = Release|Any CPU
		{FAD8F631-49C4-40E2-AAB8-EF6768850A75}.Release|x64.Build.0 = Release|Any CPU
		{FAD8F631-49C4-40E2-AAB8-EF6768850A75}.Release|x64.Deploy.0 = Release|Any CPU
		{FAD8F631-49C4-40E2-AAB8-EF6768850A75}.Release|x86.ActiveCfg = Release|Any CPU
		{FAD8F631-49C4-40E2-AAB8-EF6768850A75}.Release|x86.Build.0 = Release|Any CPU
		{FAD8F631-49C4-40E2-AAB8-EF6768850A75}.Release|x86.Deploy.0 = Release|Any CPU
	EndGlobalSection
	GlobalSection(SolutionProperties) = preSolution
		HideSolutionNode = FALSE
	EndGlobalSection
	GlobalSection(ExtensibilityGlobals) = postSolution
		SolutionGuid = {48629D7E-6F85-4508-B425-B351345F7D0C}
	EndGlobalSection
EndGlobal
